
Microsoft Visual Studio Solution File, Format Version 12.00
# Visual Studio Version 17
VisualStudioVersion = 17.10.35013.160
MinimumVisualStudioVersion = 10.0.40219.1
Project("{FAE04EC0-301F-11D3-BF4B-00C04F79EFBC}") = "proyecto", "proyecto.csproj", "{B9CCB41A-9E74-40D6-B533-64762F7879E8}"
EndProject
Project("{FAE04EC0-301F-11D3-BF4B-00C04F79EFBC}") = "salesonline.api", "..\salesonline.api\salesonline.api.csproj", "{7ACB90C5-96B3-4D2E-8810-D96EC75F4F73}"
EndProject
Project("{FAE04EC0-301F-11D3-BF4B-00C04F79EFBC}") = "salesonline.application", "..\saleonline.application\salesonline.application.csproj", "{7766A0C4-9CEE-4825-BEE0-714BB4C19B96}"
EndProject
Project("{FAE04EC0-301F-11D3-BF4B-00C04F79EFBC}") = "salesonline.web", "..\saleonline.web\salesonline.web.csproj", "{558571C0-361A-41A9-8F54-E384BC3DC15F}"
EndProject
Project("{FAE04EC0-301F-11D3-BF4B-00C04F79EFBC}") = "salesonline.domain", "..\salesonline.domain\salesonline.domain.csproj", "{C13CEA6E-1E5E-4D36-A0E3-968E36C6E7D2}"
EndProject
Project("{FAE04EC0-301F-11D3-BF4B-00C04F79EFBC}") = "salesonline.infraestructure", "..\salesonline.infraestructure\salesonline.infraestructure.csproj", "{C9CB31FE-7657-4C4C-B12F-814A58EA8BC1}"
EndProject
Project("{FAE04EC0-301F-11D3-BF4B-00C04F79EFBC}") = "salesonline.ioc", "..\salesonline.ioc\salesonline.ioc.csproj", "{E5766BC5-86EE-401B-862F-7A97AA4B356C}"
EndProject
Global
	GlobalSection(SolutionConfigurationPlatforms) = preSolution
		Debug|Any CPU = Debug|Any CPU
		Release|Any CPU = Release|Any CPU
	EndGlobalSection
	GlobalSection(ProjectConfigurationPlatforms) = postSolution
		{B9CCB41A-9E74-40D6-B533-64762F7879E8}.Debug|Any CPU.ActiveCfg = Debug|Any CPU
		{B9CCB41A-9E74-40D6-B533-64762F7879E8}.Debug|Any CPU.Build.0 = Debug|Any CPU
		{B9CCB41A-9E74-40D6-B533-64762F7879E8}.Release|Any CPU.ActiveCfg = Release|Any CPU
		{B9CCB41A-9E74-40D6-B533-64762F7879E8}.Release|Any CPU.Build.0 = Release|Any CPU
		{7ACB90C5-96B3-4D2E-8810-D96EC75F4F73}.Debug|Any CPU.ActiveCfg = Debug|Any CPU
		{7ACB90C5-96B3-4D2E-8810-D96EC75F4F73}.Debug|Any CPU.Build.0 = Debug|Any CPU
		{7ACB90C5-96B3-4D2E-8810-D96EC75F4F73}.Release|Any CPU.ActiveCfg = Release|Any CPU
		{7ACB90C5-96B3-4D2E-8810-D96EC75F4F73}.Release|Any CPU.Build.0 = Release|Any CPU
		{7766A0C4-9CEE-4825-BEE0-714BB4C19B96}.Debug|Any CPU.ActiveCfg = Debug|Any CPU
		{7766A0C4-9CEE-4825-BEE0-714BB4C19B96}.Debug|Any CPU.Build.0 = Debug|Any CPU
		{7766A0C4-9CEE-4825-BEE0-714BB4C19B96}.Release|Any CPU.ActiveCfg = Release|Any CPU
		{7766A0C4-9CEE-4825-BEE0-714BB4C19B96}.Release|Any CPU.Build.0 = Release|Any CPU
		{558571C0-361A-41A9-8F54-E384BC3DC15F}.Debug|Any CPU.ActiveCfg = Debug|Any CPU
		{558571C0-361A-41A9-8F54-E384BC3DC15F}.Debug|Any CPU.Build.0 = Debug|Any CPU
		{558571C0-361A-41A9-8F54-E384BC3DC15F}.Release|Any CPU.ActiveCfg = Release|Any CPU
		{558571C0-361A-41A9-8F54-E384BC3DC15F}.Release|Any CPU.Build.0 = Release|Any CPU
		{C13CEA6E-1E5E-4D36-A0E3-968E36C6E7D2}.Debug|Any CPU.ActiveCfg = Debug|Any CPU
		{C13CEA6E-1E5E-4D36-A0E3-968E36C6E7D2}.Debug|Any CPU.Build.0 = Debug|Any CPU
		{C13CEA6E-1E5E-4D36-A0E3-968E36C6E7D2}.Release|Any CPU.ActiveCfg = Release|Any CPU
		{C13CEA6E-1E5E-4D36-A0E3-968E36C6E7D2}.Release|Any CPU.Build.0 = Release|Any CPU
		{C9CB31FE-7657-4C4C-B12F-814A58EA8BC1}.Debug|Any CPU.ActiveCfg = Debug|Any CPU
		{C9CB31FE-7657-4C4C-B12F-814A58EA8BC1}.Debug|Any CPU.Build.0 = Debug|Any CPU
		{C9CB31FE-7657-4C4C-B12F-814A58EA8BC1}.Release|Any CPU.ActiveCfg = Release|Any CPU
		{C9CB31FE-7657-4C4C-B12F-814A58EA8BC1}.Release|Any CPU.Build.0 = Release|Any CPU
		{E5766BC5-86EE-401B-862F-7A97AA4B356C}.Debug|Any CPU.ActiveCfg = Debug|Any CPU
		{E5766BC5-86EE-401B-862F-7A97AA4B356C}.Debug|Any CPU.Build.0 = Debug|Any CPU
		{E5766BC5-86EE-401B-862F-7A97AA4B356C}.Release|Any CPU.ActiveCfg = Release|Any CPU
		{E5766BC5-86EE-401B-862F-7A97AA4B356C}.Release|Any CPU.Build.0 = Release|Any CPU
	EndGlobalSection
	GlobalSection(SolutionProperties) = preSolution
		HideSolutionNode = FALSE
	EndGlobalSection
	GlobalSection(ExtensibilityGlobals) = postSolution
		SolutionGuid = {5C63AB95-7804-4CBE-93D3-589D904563C1}
	EndGlobalSection
EndGlobal
